{
    "_readme": [
        "This file locks the dependencies of your project to a known state",
        "Read more about it at https://getcomposer.org/doc/01-basic-usage.md#installing-dependencies",
        "This file is @generated automatically"
    ],
    "content-hash": "df49fc6a62cf1658476ec876ed16f6af",
    "packages": [
        {
            "name": "xrstf/composer-php52",
            "version": "v1.0.21",
            "source": {
                "type": "git",
                "url": "https://github.com/composer-php52/composer-php52.git",
                "reference": "670ac996f93792f8de0427605cfef342b3429ff3"
            },
            "dist": {
                "type": "zip",
                "url": "https://api.github.com/repos/composer-php52/composer-php52/zipball/670ac996f93792f8de0427605cfef342b3429ff3",
                "reference": "670ac996f93792f8de0427605cfef342b3429ff3",
                "shasum": ""
            },
            "type": "library",
            "extra": {
                "branch-alias": {
                    "dev-default": "1.x-dev"
                }
            },
            "autoload": {
                "psr-0": {
                    "xrstf\\Composer52": "lib/"
                }
            },
            "notification-url": "https://packagist.org/downloads/",
            "license": [
                "MIT"
            ],
            "support": {
                "issues": "https://github.com/composer-php52/composer-php52/issues",
                "source": "https://github.com/composer-php52/composer-php52"
            },
            "time": "2022-06-08T03:23:46+00:00"
        }
    ],
    "packages-dev": [],
    "aliases": [],
    "minimum-stability": "stable",
    "stability-flags": [],
    "prefer-stable": false,
    "prefer-lowest": false,
    "platform": [],
    "platform-dev": [],
    "plugin-api-version": "2.3.0"
}
